
Microsoft Visual Studio Solution File, Format Version 12.00
# Visual Studio Version 16
VisualStudioVersion = 16.0.32901.82
MinimumVisualStudioVersion = 10.0.40219.1
Project("{FAE04EC0-301F-11D3-BF4B-00C04F79EFBC}") = "CRUD Cadastro de Veiculo - Desafio Fullstack", "CRUD Cadastro de Veiculo - Desafio Fullstack\CRUD Cadastro de Veiculo - Desafio Fullstack.csproj", "{5FE5FB62-6A5A-4795-A8AA-DAA44D9F1632}"
EndProject
Global
	GlobalSection(SolutionConfigurationPlatforms) = preSolution
		Debug|Any CPU = Debug|Any CPU
		Release|Any CPU = Release|Any CPU
	EndGlobalSection
	GlobalSection(ProjectConfigurationPlatforms) = postSolution
		{5FE5FB62-6A5A-4795-A8AA-DAA44D9F1632}.Debug|Any CPU.ActiveCfg = Debug|Any CPU
		{5FE5FB62-6A5A-4795-A8AA-DAA44D9F1632}.Debug|Any CPU.Build.0 = Debug|Any CPU
		{5FE5FB62-6A5A-4795-A8AA-DAA44D9F1632}.Release|Any CPU.ActiveCfg = Release|Any CPU
		{5FE5FB62-6A5A-4795-A8AA-DAA44D9F1632}.Release|Any CPU.Build.0 = Release|Any CPU
	EndGlobalSection
	GlobalSection(SolutionProperties) = preSolution
		HideSolutionNode = FALSE
	EndGlobalSection
	GlobalSection(ExtensibilityGlobals) = postSolution
		SolutionGuid = {6AF216A8-6904-4D62-8015-67BB6694DF40}
	EndGlobalSection
EndGlobal
